
Microsoft Visual Studio Solution File, Format Version 12.00
# Visual Studio Version 17
VisualStudioVersion = 17.2.32630.192
MinimumVisualStudioVersion = 10.0.40219.1
Project("{FAE04EC0-301F-11D3-BF4B-00C04F79EFBC}") = "CarInsurance", "CarInsurance.csproj", "{BB9F8DF8-1BE2-4C18-B785-F7039DEF0570}"
EndProject
Global
	GlobalSection(SolutionConfigurationPlatforms) = preSolution
		Debug|Any CPU = Debug|Any CPU
		Release|Any CPU = Release|Any CPU
	EndGlobalSection
	GlobalSection(ProjectConfigurationPlatforms) = postSolution
		{BB9F8DF8-1BE2-4C18-B785-F7039DEF0570}.Debug|Any CPU.ActiveCfg = Debug|Any CPU
		{BB9F8DF8-1BE2-4C18-B785-F7039DEF0570}.Debug|Any CPU.Build.0 = Debug|Any CPU
		{BB9F8DF8-1BE2-4C18-B785-F7039DEF0570}.Release|Any CPU.ActiveCfg = Release|Any CPU
		{BB9F8DF8-1BE2-4C18-B785-F7039DEF0570}.Release|Any CPU.Build.0 = Release|Any CPU
	EndGlobalSection
	GlobalSection(SolutionProperties) = preSolution
		HideSolutionNode = FALSE
	EndGlobalSection
	GlobalSection(ExtensibilityGlobals) = postSolution
		SolutionGuid = {25F25327-4690-4730-B5F1-A5F50FF352F0}
	EndGlobalSection
EndGlobal
